// !$*UTF8*$!
{
	archiveVersion = 1;
	classes = {
	};
	objectVersion = 48;
	objects = {

/* Begin PBXBuildFile section */
		457FD5EC206B461300CE85D7 /* AppDelegate.swift in Sources */ = {isa = PBXBuildFile; fileRef = 457FD5EB206B461300CE85D7 /* AppDelegate.swift */; };
		457FD5EE206B461300CE85D7 /* ViewController.swift in Sources */ = {isa = PBXBuildFile; fileRef = 457FD5ED206B461300CE85D7 /* ViewController.swift */; };
		457FD5F3206B461300CE85D7 /* Assets.xcassets in Resources */ = {isa = PBXBuildFile; fileRef = 457FD5F2206B461300CE85D7 /* Assets.xcassets */; };
		457FD601206B461300CE85D7 /* WXPhotoBrowserTests.swift in Sources */ = {isa = PBXBuildFile; fileRef = 457FD600206B461300CE85D7 /* WXPhotoBrowserTests.swift */; };
/* End PBXBuildFile section */

/* Begin PBXContainerItemProxy section */
		457FD5FD206B461300CE85D7 /* PBXContainerItemProxy */ = {
			isa = PBXContainerItemProxy;
			containerPortal = 457FD5E0206B461200CE85D7 /* Project object */;
			proxyType = 1;
			remoteGlobalIDString = 457FD5E7206B461300CE85D7;
			remoteInfo = WXPhotoBrowser;
		};
/* End PBXContainerItemProxy section */

/* Begin PBXFileReference section */
		457FD5E8206B461300CE85D7 /* WXPhotoBrowser.app */ = {isa = PBXFileReference; explicitFileType = wrapper.application; includeInIndex = 0; path = WXPhotoBrowser.app; sourceTree = BUILT_PRODUCTS_DIR; };
		457FD5EB206B461300CE85D7 /* AppDelegate.swift */ = {isa = PBXFileReference; lastKnownFileType = sourcecode.swift; path = AppDelegate.swift; sourceTree = "<group>"; };
		457FD5ED206B461300CE85D7 /* ViewController.swift */ = {isa = PBXFileReference; lastKnownFileType = sourcecode.swift; path = ViewController.swift; sourceTree = "<group>"; };
		457FD5F2206B461300CE85D7 /* Assets.xcassets */ = {isa = PBXFileReference; lastKnownFileType = folder.assetcatalog; path = Assets.xcassets; sourceTree = "<group>"; };
		457FD5F7206B461300CE85D7 /* Info.plist */ = {isa = PBXFileReference; lastKnownFileType = text.plist.xml; path = Info.plist; sourceTree = "<group>"; };
		457FD5FC206B461300CE85D7 /* WXPhotoBrowserTests.xctest */ = {isa = PBXFileReference; explicitFileType = wrapper.cfbundle; includeInIndex = 0; path = WXPhotoBrowserTests.xctest; sourceTree = BUILT_PRODUCTS_DIR; };
		457FD600206B461300CE85D7 /* WXPhotoBrowserTests.swift */ = {isa = PBXFileReference; lastKnownFileType = sourcecode.swift; path = WXPhotoBrowserTests.swift; sourceTree = "<group>"; };
		457FD602206B461300CE85D7 /* Info.plist */ = {isa = PBXFileReference; lastKnownFileType = text.plist.xml; path = Info.plist; sourceTree = "<group>"; };
/* End PBXFileReference section */

/* Begin PBXFrameworksBuildPhase section */
		457FD5E5206B461300CE85D7 /* Frameworks */ = {
			isa = PBXFrameworksBuildPhase;
			buildActionMask = 2147483647;
			files = (
			);
			runOnlyForDeploymentPostprocessing = 0;
		};
		457FD5F9206B461300CE85D7 /* Frameworks */ = {
			isa = PBXFrameworksBuildPhase;
			buildActionMask = 2147483647;
			files = (
			);
			runOnlyForDeploymentPostprocessing = 0;
		};
/* End PBXFrameworksBuildPhase section */

/* Begin PBXGroup section */
		457FD5DF206B461200CE85D7 = {
			isa = PBXGroup;
			children = (
				457FD5EA206B461300CE85D7 /* WXPhotoBrowser */,
				457FD5FF206B461300CE85D7 /* WXPhotoBrowserTests */,
				457FD5E9206B461300CE85D7 /* Products */,
			);
			sourceTree = "<group>";
		};
		457FD5E9206B461300CE85D7 /* Products */ = {
			isa = PBXGroup;
			children = (
				457FD5E8206B461300CE85D7 /* WXPhotoBrowser.app */,
				457FD5FC206B461300CE85D7 /* WXPhotoBrowserTests.xctest */,
			);
			name = Products;
			sourceTree = "<group>";
		};
		457FD5EA206B461300CE85D7 /* WXPhotoBrowser */ = {
			isa = PBXGroup;
			children = (
				457FD5EB206B461300CE85D7 /* AppDelegate.swift */,
				457FD5ED206B461300CE85D7 /* ViewController.swift */,
				457FD5F2206B461300CE85D7 /* Assets.xcassets */,
				457FD5F7206B461300CE85D7 /* Info.plist */,
			);
			path = WXPhotoBrowser;
			sourceTree = "<group>";
		};
		457FD5FF206B461300CE85D7 /* WXPhotoBrowserTests */ = {
			isa = PBXGroup;
			children = (
				457FD600206B461300CE85D7 /* WXPhotoBrowserTests.swift */,
				457FD602206B461300CE85D7 /* Info.plist */,
			);
			path = WXPhotoBrowserTests;
			sourceTree = "<group>";
		};
/* End PBXGroup section */

/* Begin PBXNativeTarget section */
		457FD5E7206B461300CE85D7 /* WXPhotoBrowser */ = {
			isa = PBXNativeTarget;
			buildConfigurationList = 457FD605206B461300CE85D7 /* Build configuration list for PBXNativeTarget "WXPhotoBrowser" */;
			buildPhases = (
				457FD5E4206B461300CE85D7 /* Sources */,
				457FD5E5206B461300CE85D7 /* Frameworks */,
				457FD5E6206B461300CE85D7 /* Resources */,
			);
			buildRules = (
			);
			dependencies = (
			);
			name = WXPhotoBrowser;
			productName = WXPhotoBrowser;
			productReference = 457FD5E8206B461300CE85D7 /* WXPhotoBrowser.app */;
			productType = "com.apple.product-type.application";
		};
		457FD5FB206B461300CE85D7 /* WXPhotoBrowserTests */ = {
			isa = PBXNativeTarget;
			buildConfigurationList = 457FD608206B461300CE85D7 /* Build configuration list for PBXNativeTarget "WXPhotoBrowserTests" */;
			buildPhases = (
				457FD5F8206B461300CE85D7 /* Sources */,
				457FD5F9206B461300CE85D7 /* Frameworks */,
				457FD5FA206B461300CE85D7 /* Resources */,
			);
			buildRules = (
			);
			dependencies = (
				457FD5FE206B461300CE85D7 /* PBXTargetDependency */,
			);
			name = WXPhotoBrowserTests;
			productName = WXPhotoBrowserTests;
			productReference = 457FD5FC206B461300CE85D7 /* WXPhotoBrowserTests.xctest */;
			productType = "com.apple.product-type.bundle.unit-test";
		};
/* End PBXNativeTarget section */

/* Begin PBXProject section */
		457FD5E0206B461200CE85D7 /* Project object */ = {
			isa = PBXProject;
			attributes = {
				LastSwiftUpdateCheck = 0920;
				LastUpgradeCheck = 0920;
				ORGANIZATIONNAME = young;
				TargetAttributes = {
					457FD5E7206B461300CE85D7 = {
						CreatedOnToolsVersion = 9.2;
						ProvisioningStyle = Automatic;
					};
					457FD5FB206B461300CE85D7 = {
						CreatedOnToolsVersion = 9.2;
						ProvisioningStyle = Automatic;
						TestTargetID = 457FD5E7206B461300CE85D7;
					};
				};
			};
			buildConfigurationList = 457FD5E3206B461200CE85D7 /* Build configuration list for PBXProject "WXPhotoBrowser" */;
			compatibilityVersion = "Xcode 8.0";
			developmentRegion = en;
			hasScannedForEncodings = 0;
			knownRegions = (
				en,
				Base,
			);
			mainGroup = 457FD5DF206B461200CE85D7;
			productRefGroup = 457FD5E9206B461300CE85D7 /* Products */;
			projectDirPath = "";
			projectRoot = "";
			targets = (
				457FD5E7206B461300CE85D7 /* WXPhotoBrowser */,
				457FD5FB206B461300CE85D7 /* WXPhotoBrowserTests */,
			);
		};
/* End PBXProject section */

/* Begin PBXResourcesBuildPhase section */
		457FD5E6206B461300CE85D7 /* Resources */ = {
			isa = PBXResourcesBuildPhase;
			buildActionMask = 2147483647;
			files = (
				457FD5F3206B461300CE85D7 /* Assets.xcassets in Resources */,
			);
			runOnlyForDeploymentPostprocessing = 0;
		};
		457FD5FA206B461300CE85D7 /* Resources */ = {
			isa = PBXResourcesBuildPhase;
			buildActionMask = 2147483647;
			files = (
			);
			runOnlyForDeploymentPostprocessing = 0;
		};
/* End PBXResourcesBuildPhase section */

/* Begin PBXSourcesBuildPhase section */
		457FD5E4206B461300CE85D7 /* Sources */ = {
			isa = PBXSourcesBuildPhase;
			buildActionMask = 2147483647;
			files = (
				457FD5EE206B461300CE85D7 /* ViewController.swift in Sources */,
				457FD5EC206B461300CE85D7 /* AppDelegate.swift in Sources */,
			);
			runOnlyForDeploymentPostprocessing = 0;
		};
		457FD5F8206B461300CE85D7 /* Sources */ = {
			isa = PBXSourcesBuildPhase;
			buildActionMask = 2147483647;
			files = (
				457FD601206B461300CE85D7 /* WXPhotoBrowserTests.swift in Sources */,
			);
			runOnlyForDeploymentPostprocessing = 0;
		};
/* End PBXSourcesBuildPhase section */

/* Begin PBXTargetDependency section */
		457FD5FE206B461300CE85D7 /* PBXTargetDependency */ = {
			isa = PBXTargetDependency;
			target = 457FD5E7206B461300CE85D7 /* WXPhotoBrowser */;
			targetProxy = 457FD5FD206B461300CE85D7 /* PBXContainerItemProxy */;
		};
/* End PBXTargetDependency section */

/* Begin XCBuildConfiguration section */
		457FD603206B461300CE85D7 /* Debug */ = {
			isa = XCBuildConfiguration;
			buildSettings = {
				ALWAYS_SEARCH_USER_PATHS = NO;
				CLANG_ANALYZER_NONNULL = YES;
				CLANG_ANALYZER_NUMBER_OBJECT_CONVERSION = YES_AGGRESSIVE;
				CLANG_CXX_LANGUAGE_STANDARD = "gnu++14";
				CLANG_CXX_LIBRARY = "libc++";
				CLANG_ENABLE_MODULES = YES;
				CLANG_ENABLE_OBJC_ARC = YES;
				CLANG_WARN_BLOCK_CAPTURE_AUTORELEASING = YES;
				CLANG_WARN_BOOL_CONVERSION = YES;
				CLANG_WARN_COMMA = YES;
				CLANG_WARN_CONSTANT_CONVERSION = YES;
				CLANG_WARN_DIRECT_OBJC_ISA_USAGE = YES_ERROR;
				CLANG_WARN_DOCUMENTATION_COMMENTS = YES;
				CLANG_WARN_EMPTY_BODY = YES;
				CLANG_WARN_ENUM_CONVERSION = YES;
				CLANG_WARN_INFINITE_RECURSION = YES;
				CLANG_WARN_INT_CONVERSION = YES;
				CLANG_WARN_NON_LITERAL_NULL_CONVERSION = YES;
				CLANG_WARN_OBJC_LITERAL_CONVERSION = YES;
				CLANG_WARN_OBJC_ROOT_CLASS = YES_ERROR;
				CLANG_WARN_RANGE_LOOP_ANALYSIS = YES;
				CLANG_WARN_STRICT_PROTOTYPES = YES;
				CLANG_WARN_SUSPICIOUS_MOVE = YES;
				CLANG_WARN_UNGUARDED_AVAILABILITY = YES_AGGRESSIVE;
				CLANG_WARN_UNREACHABLE_CODE = YES;
				CLANG_WARN__DUPLICATE_METHOD_MATCH = YES;
				CODE_SIGN_IDENTITY = "iPhone Developer";
				COPY_PHASE_STRIP = NO;
				DEBUG_INFORMATION_FORMAT = dwarf;
				ENABLE_STRICT_OBJC_MSGSEND = YES;
				ENABLE_TESTABILITY = YES;
				GCC_C_LANGUAGE_STANDARD = gnu11;
				GCC_DYNAMIC_NO_PIC = NO;
				GCC_NO_COMMON_BLOCKS = YES;
				GCC_OPTIMIZATION_LEVEL = 0;
				GCC_PREPROCESSOR_DEFINITIONS = (
					"DEBUG=1",
					"$(inherited)",
				);
				GCC_WARN_64_TO_32_BIT_CONVERSION = YES;
				GCC_WARN_ABOUT_RETURN_TYPE = YES_ERROR;
				GCC_WARN_UNDECLARED_SELECTOR = YES;
				GCC_WARN_UNINITIALIZED_AUTOS = YES_AGGRESSIVE;
				GCC_WARN_UNUSED_FUNCTION = YES;
				GCC_WARN_UNUSED_VARIABLE = YES;
				IPHONEOS_DEPLOYMENT_TARGET = 8.0;
				MTL_ENABLE_DEBUG_INFO = YES;
				ONLY_ACTIVE_ARCH = YES;
				SDKROOT = iphoneos;
				SWIFT_ACTIVE_COMPILATION_CONDITIONS = DEBUG;
				SWIFT_OPTIMIZATION_LEVEL = "-Onone";
			};
			name = Debug;
		};
		457FD604206B461300CE85D7 /* Release */ = {
			isa = XCBuildConfiguration;
			buildSettings = {
				ALWAYS_SEARCH_USER_PATHS = NO;
				CLANG_ANALYZER_NONNULL = YES;
				CLANG_ANALYZER_NUMBER_OBJECT_CONVERSION = YES_AGGRESSIVE;
				CLANG_CXX_LANGUAGE_STANDARD = "gnu++14";
				CLANG_CXX_LIBRARY = "libc++";
				CLANG_ENABLE_MODULES = YES;
				CLANG_ENABLE_OBJC_ARC = YES;
				CLANG_WARN_BLOCK_CAPTURE_AUTORELEASING = YES;
				CLANG_WARN_BOOL_CONVERSION = YES;
				CLANG_WARN_COMMA = YES;
				CLANG_WARN_CONSTANT_CONVERSION = YES;
				CLANG_WARN_DIRECT_OBJC_ISA_USAGE = YES_ERROR;
				CLANG_WARN_DOCUMENTATION_COMMENTS = YES;
				CLANG_WARN_EMPTY_BODY = YES;
				CLANG_WARN_ENUM_CONVERSION = YES;
				CLANG_WARN_INFINITE_RECURSION = YES;
				CLANG_WARN_INT_CONVERSION = YES;
				CLANG_WARN_NON_LITERAL_NULL_CONVERSION = YES;
				CLANG_WARN_OBJC_LITERAL_CONVERSION = YES;
				CLANG_WARN_OBJC_ROOT_CLASS = YES_ERROR;
				CLANG_WARN_RANGE_LOOP_ANALYSIS = YES;
				CLANG_WARN_STRICT_PROTOTYPES = YES;
				CLANG_WARN_SUSPICIOUS_MOVE = YES;
				CLANG_WARN_UNGUARDED_AVAILABILITY = YES_AGGRESSIVE;
				CLANG_WARN_UNREACHABLE_CODE = YES;
				CLANG_WARN__DUPLICATE_METHOD_MATCH = YES;
				CODE_SIGN_IDENTITY = "iPhone Developer";
				COPY_PHASE_STRIP = NO;
				DEBUG_INFORMATION_FORMAT = "dwarf-with-dsym";
				ENABLE_NS_ASSERTIONS = NO;
				ENABLE_STRICT_OBJC_MSGSEND = YES;
				GCC_C_LANGUAGE_STANDARD = gnu11;
				GCC_NO_COMMON_BLOCKS = YES;
				GCC_WARN_64_TO_32_BIT_CONVERSION = YES;
				GCC_WARN_ABOUT_RETURN_TYPE = YES_ERROR;
				GCC_WARN_UNDECLARED_SELECTOR = YES;
				GCC_WARN_UNINITIALIZED_AUTOS = YES_AGGRESSIVE;
				GCC_WARN_UNUSED_FUNCTION = YES;
				GCC_WARN_UNUSED_VARIABLE = YES;
				IPHONEOS_DEPLOYMENT_TARGET = 8.0;
				MTL_ENABLE_DEBUG_INFO = NO;
				SDKROOT = iphoneos;
				SWIFT_OPTIMIZATION_LEVEL = "-Owholemodule";
				VALIDATE_PRODUCT = YES;
			};
			name = Release;
		};
		457FD606206B461300CE85D7 /* Debug */ = {
			isa = XCBuildConfiguration;
			buildSettings = {
				ASSETCATALOG_COMPILER_APPICON_NAME = AppIcon;
				CODE_SIGN_STYLE = Automatic;
				DEVELOPMENT_TEAM = 497KMMCX78;
				INFOPLIST_FILE = WXPhotoBrowser/Info.plist;
				LD_RUNPATH_SEARCH_PATHS = "$(inherited) @executable_path/Frameworks";
				PRODUCT_BUNDLE_IDENTIFIER = com.application.young.WXPhotoBrowser;
				PRODUCT_NAME = "$(TARGET_NAME)";
				SWIFT_VERSION = 4.0;
				TARGETED_DEVICE_FAMILY = 1;
			};
			name = Debug;
		};
		457FD607206B461300CE85D7 /* Release */ = {
			isa = XCBuildConfiguration;
			buildSettings = {
				ASSETCATALOG_COMPILER_APPICON_NAME = AppIcon;
				CODE_SIGN_STYLE = Automatic;
				DEVELOPMENT_TEAM = 497KMMCX78;
				INFOPLIST_FILE = WXPhotoBrowser/Info.plist;
				LD_RUNPATH_SEARCH_PATHS = "$(inherited) @executable_path/Frameworks";
				PRODUCT_BUNDLE_IDENTIFIER = com.application.young.WXPhotoBrowser;
				PRODUCT_NAME = "$(TARGET_NAME)";
				SWIFT_VERSION = 4.0;
				TARGETED_DEVICE_FAMILY = 1;
			};
			name = Release;
		};
		457FD609206B461300CE85D7 /* Debug */ = {
			isa = XCBuildConfiguration;
			buildSettings = {
				ALWAYS_EMBED_SWIFT_STANDARD_LIBRARIES = YES;
				BUNDLE_LOADER = "$(TEST_HOST)";
				CODE_SIGN_STYLE = Automatic;
				DEVELOPMENT_TEAM = 497KMMCX78;
				INFOPLIST_FILE = WXPhotoBrowserTests/Info.plist;
				LD_RUNPATH_SEARCH_PATHS = "$(inherited) @executable_path/Frameworks @loader_path/Frameworks";
				PRODUCT_BUNDLE_IDENTIFIER = com.application.young.WXPhotoBrowserTests;
				PRODUCT_NAME = "$(TARGET_NAME)";
				SWIFT_VERSION = 4.0;
				TARGETED_DEVICE_FAMILY = "1,2";
				TEST_HOST = "$(BUILT_PRODUCTS_DIR)/WXPhotoBrowser.app/WXPhotoBrowser";
			};
			name = Debug;
		};
		457FD60A206B461300CE85D7 /* Release */ = {
			isa = XCBuildConfiguration;
			buildSettings = {
				ALWAYS_EMBED_SWIFT_STANDARD_LIBRARIES = YES;
				BUNDLE_LOADER = "$(TEST_HOST)";
				CODE_SIGN_STYLE = Automatic;
				DEVELOPMENT_TEAM = 497KMMCX78;
				INFOPLIST_FILE = WXPhotoBrowserTests/Info.plist;
				LD_RUNPATH_SEARCH_PATHS = "$(inherited) @executable_path/Frameworks @loader_path/Frameworks";
				PRODUCT_BUNDLE_IDENTIFIER = com.application.young.WXPhotoBrowserTests;
				PRODUCT_NAME = "$(TARGET_NAME)";
				SWIFT_VERSION = 4.0;
				TARGETED_DEVICE_FAMILY = "1,2";
				TEST_HOST = "$(BUILT_PRODUCTS_DIR)/WXPhotoBrowser.app/WXPhotoBrowser";
			};
			name = Release;
		};
/* End XCBuildConfiguration section */

/* Begin XCConfigurationList section */
		457FD5E3206B461200CE85D7 /* Build configuration list for PBXProject "WXPhotoBrowser" */ = {
			isa = XCConfigurationList;
			buildConfigurations = (
				457FD603206B461300CE85D7 /* Debug */,
				457FD604206B461300CE85D7 /* Release */,
			);
			defaultConfigurationIsVisible = 0;
			defaultConfigurationName = Release;
		};
		457FD605206B461300CE85D7 /* Build configuration list for PBXNativeTarget "WXPhotoBrowser" */ = {
			isa = XCConfigurationList;
			buildConfigurations = (
				457FD606206B461300CE85D7 /* Debug */,
				457FD607206B461300CE85D7 /* Release */,
			);
			defaultConfigurationIsVisible = 0;
			defaultConfigurationName = Release;
		};
		457FD608206B461300CE85D7 /* Build configuration list for PBXNativeTarget "WXPhotoBrowserTests" */ = {
			isa = XCConfigurationList;
			buildConfigurations = (
				457FD609206B461300CE85D7 /* Debug */,
				457FD60A206B461300CE85D7 /* Release */,
			);
			defaultConfigurationIsVisible = 0;
			defaultConfigurationName = Release;
		};
/* End XCConfigurationList section */
	};
	rootObject = 457FD5E0206B461200CE85D7 /* Project object */;
}
